
Microsoft Visual Studio Solution File, Format Version 12.00
# Visual Studio 15
VisualStudioVersion = 15.0.28307.168
MinimumVisualStudioVersion = 10.0.40219.1
Project("{FAE04EC0-301F-11D3-BF4B-00C04F79EFBC}") = "3DCekim", "3DCekim\3DCekim.csproj", "{2EB7D136-56C0-4AA2-A95C-B071390ACA90}"
EndProject
Global
	GlobalSection(SolutionConfigurationPlatforms) = preSolution
		Debug|Any CPU = Debug|Any CPU
		Release|Any CPU = Release|Any CPU
	EndGlobalSection
	GlobalSection(ProjectConfigurationPlatforms) = postSolution
		{2EB7D136-56C0-4AA2-A95C-B071390ACA90}.Debug|Any CPU.ActiveCfg = Debug|Any CPU
		{2EB7D136-56C0-4AA2-A95C-B071390ACA90}.Debug|Any CPU.Build.0 = Debug|Any CPU
		{2EB7D136-56C0-4AA2-A95C-B071390ACA90}.Release|Any CPU.ActiveCfg = Release|Any CPU
		{2EB7D136-56C0-4AA2-A95C-B071390ACA90}.Release|Any CPU.Build.0 = Release|Any CPU
	EndGlobalSection
	GlobalSection(SolutionProperties) = preSolution
		HideSolutionNode = FALSE
	EndGlobalSection
	GlobalSection(ExtensibilityGlobals) = postSolution
		SolutionGuid = {ECDA95CE-614F-449E-89DE-706656E2BC3A}
	EndGlobalSection
EndGlobal
